{
  "version": "5",
  "specifiers": {
    "jsr:@std/assert@*": "1.0.19",
    "jsr:@std/internal@^1.0.12": "1.0.14"
  },
  "jsr": {
    "@std/assert@1.0.19": {
      "integrity": "eaada96ee120cb980bc47e040f82814d786fe8162ecc53c91d8df60b8755991e",
      "dependencies": [
        "jsr:@std/internal"
      ]
    },
    "@std/internal@1.0.14": {
      "integrity": "291516b3d4c35024d6ffbc0a9df5bf4c64116e05b50012cf846710152d2ffdf7"
    }
  },
  "redirects": {
    "https://deno.land/std/dotenv/load.ts": "https://deno.land/std@0.224.0/dotenv/load.ts"
  },
  "remote": {
    "https://deno.land/std@0.224.0/dotenv/load.ts": "587b342f0f6a3df071331fe6ba1c823729ab68f7d53805809475e486dd4161d7",
    "https://deno.land/std@0.224.0/dotenv/mod.ts": "0180eaeedaaf88647318811cdaa418cc64dc51fb08354f91f5f480d0a1309f7d",
    "https://deno.land/std@0.224.0/dotenv/parse.ts": "09977ff88dfd1f24f9973a338f0f91bbdb9307eb5ff6085446e7c423e4c7ba0c",
    "https://deno.land/std@0.224.0/dotenv/stringify.ts": "275da322c409170160440836342eaa7cf012a1d11a7e700d8ca4e7f2f8aa4615"
  },
  "workspace": {
    "packageJson": {
      "dependencies": [
        "npm:@google-cloud/bigquery@^7.9.1",
        "npm:cors@^2.8.5",
        "npm:dotenv@^16.4.5",
        "npm:exceljs@^4.4.0",
        "npm:express@^4.19.2",
        "npm:google-auth-library@^9.15.1",
        "npm:nodemailer@^9.0.6",
        "npm:pdfkit@~0.19.1",
        "npm:serverless-http@^3.2.0"
      ]
    }
  }
}
